
Microsoft Visual Studio Solution File, Format Version 12.00
# Visual Studio Version 17
VisualStudioVersion = 17.6.33829.357
MinimumVisualStudioVersion = 10.0.40219.1
Project("{FAE04EC0-301F-11D3-BF4B-00C04F79EFBC}") = "CSharp_Bai17", "CSharp_Bai17.csproj", "{036DA277-D120-4640-96E0-ADC0837A22CA}"
EndProject
Global
	GlobalSection(SolutionConfigurationPlatforms) = preSolution
		Debug|Any CPU = Debug|Any CPU
		Release|Any CPU = Release|Any CPU
	EndGlobalSection
	GlobalSection(ProjectConfigurationPlatforms) = postSolution
		{036DA277-D120-4640-96E0-ADC0837A22CA}.Debug|Any CPU.ActiveCfg = Debug|Any CPU
		{036DA277-D120-4640-96E0-ADC0837A22CA}.Debug|Any CPU.Build.0 = Debug|Any CPU
		{036DA277-D120-4640-96E0-ADC0837A22CA}.Release|Any CPU.ActiveCfg = Release|Any CPU
		{036DA277-D120-4640-96E0-ADC0837A22CA}.Release|Any CPU.Build.0 = Release|Any CPU
	EndGlobalSection
	GlobalSection(SolutionProperties) = preSolution
		HideSolutionNode = FALSE
	EndGlobalSection
	GlobalSection(ExtensibilityGlobals) = postSolution
		SolutionGuid = {969AF704-A6B9-4D89-8832-81E599674B78}
	EndGlobalSection
EndGlobal
